
Microsoft Visual Studio Solution File, Format Version 12.00
# Visual Studio Version 17
VisualStudioVersion = 17.6.33815.320
MinimumVisualStudioVersion = 10.0.40219.1
Project("{FAE04EC0-301F-11D3-BF4B-00C04F79EFBC}") = "JobPortalAPI", "JobPortalAPI.csproj", "{1BE670E2-DA89-4D6F-8BAA-252123DA3AC1}"
EndProject
Global
	GlobalSection(SolutionConfigurationPlatforms) = preSolution
		Debug|Any CPU = Debug|Any CPU
		Release|Any CPU = Release|Any CPU
	EndGlobalSection
	GlobalSection(ProjectConfigurationPlatforms) = postSolution
		{1BE670E2-DA89-4D6F-8BAA-252123DA3AC1}.Debug|Any CPU.ActiveCfg = Debug|Any CPU
		{1BE670E2-DA89-4D6F-8BAA-252123DA3AC1}.Debug|Any CPU.Build.0 = Debug|Any CPU
		{1BE670E2-DA89-4D6F-8BAA-252123DA3AC1}.Release|Any CPU.ActiveCfg = Release|Any CPU
		{1BE670E2-DA89-4D6F-8BAA-252123DA3AC1}.Release|Any CPU.Build.0 = Release|Any CPU
	EndGlobalSection
	GlobalSection(SolutionProperties) = preSolution
		HideSolutionNode = FALSE
	EndGlobalSection
	GlobalSection(ExtensibilityGlobals) = postSolution
		SolutionGuid = {3B8CDC18-90E0-47B7-A505-585BDF9DACD5}
	EndGlobalSection
EndGlobal
